// !$*UTF8*$!
{
	archiveVersion = 1;
	classes = {
	};
	objectVersion = 56;
	objects = {

/* Begin PBXBuildFile section */
		061BFBC22B24F88A00764C6F /* HomeController.swift in Sources */ = {isa = PBXBuildFile; fileRef = 061BFBC12B24F88A00764C6F /* HomeController.swift */; };
		062A3A682B2449B5002DCD73 /* AppDelegate.swift in Sources */ = {isa = PBXBuildFile; fileRef = 062A3A672B2449B5002DCD73 /* AppDelegate.swift */; };
		062A3A6A2B2449B5002DCD73 /* SceneDelegate.swift in Sources */ = {isa = PBXBuildFile; fileRef = 062A3A692B2449B5002DCD73 /* SceneDelegate.swift */; };
		062A3A6C2B2449B5002DCD73 /* HomeViewController.swift in Sources */ = {isa = PBXBuildFile; fileRef = 062A3A6B2B2449B5002DCD73 /* HomeViewController.swift */; };
		062A3A6F2B2449B5002DCD73 /* HomeViewController.storyboard in Resources */ = {isa = PBXBuildFile; fileRef = 062A3A6D2B2449B5002DCD73 /* HomeViewController.storyboard */; };
		062A3A712B2449B6002DCD73 /* Assets.xcassets in Resources */ = {isa = PBXBuildFile; fileRef = 062A3A702B2449B6002DCD73 /* Assets.xcassets */; };
		062A3A742B2449B6002DCD73 /* LaunchScreen.storyboard in Resources */ = {isa = PBXBuildFile; fileRef = 062A3A722B2449B6002DCD73 /* LaunchScreen.storyboard */; };
		062A3A7F2B2449B6002DCD73 /* JetAppTestTaskTests.swift in Sources */ = {isa = PBXBuildFile; fileRef = 062A3A7E2B2449B6002DCD73 /* JetAppTestTaskTests.swift */; };
		062A3A9A2B244AD8002DCD73 /* Storyboardable.swift in Sources */ = {isa = PBXBuildFile; fileRef = 062A3A992B244AD8002DCD73 /* Storyboardable.swift */; };
		062A3A9C2B244BC6002DCD73 /* Navigatable.swift in Sources */ = {isa = PBXBuildFile; fileRef = 062A3A9B2B244BC6002DCD73 /* Navigatable.swift */; };
		062A3A9F2B244C05002DCD73 /* BaseNavigator.swift in Sources */ = {isa = PBXBuildFile; fileRef = 062A3A9E2B244C05002DCD73 /* BaseNavigator.swift */; };
		062A3AA22B244CBF002DCD73 /* AppNavigator.swift in Sources */ = {isa = PBXBuildFile; fileRef = 062A3AA12B244CBF002DCD73 /* AppNavigator.swift */; };
		062A3AA72B244E29002DCD73 /* HomeNavigator.swift in Sources */ = {isa = PBXBuildFile; fileRef = 062A3AA62B244E29002DCD73 /* HomeNavigator.swift */; };
		062A3AAC2B245374002DCD73 /* ViewModelType.swift in Sources */ = {isa = PBXBuildFile; fileRef = 062A3AAB2B245374002DCD73 /* ViewModelType.swift */; };
		062A3AAF2B2453A4002DCD73 /* HomeViewModel.swift in Sources */ = {isa = PBXBuildFile; fileRef = 062A3AAE2B2453A4002DCD73 /* HomeViewModel.swift */; };
		062A3AB32B245481002DCD73 /* DependencyResolver.swift in Sources */ = {isa = PBXBuildFile; fileRef = 062A3AB22B245481002DCD73 /* DependencyResolver.swift */; };
		062A3AB52B2454AA002DCD73 /* InjectionBundle.swift in Sources */ = {isa = PBXBuildFile; fileRef = 062A3AB42B2454AA002DCD73 /* InjectionBundle.swift */; };
		062A3AC92B24DFD0002DCD73 /* Injected.swift in Sources */ = {isa = PBXBuildFile; fileRef = 062A3AC82B24DFD0002DCD73 /* Injected.swift */; };
		062A3ACF2B24E61A002DCD73 /* JADomain in Frameworks */ = {isa = PBXBuildFile; productRef = 062A3ACE2B24E61A002DCD73 /* JADomain */; };
		062A3AD12B24E633002DCD73 /* JADataSource in Frameworks */ = {isa = PBXBuildFile; productRef = 062A3AD02B24E633002DCD73 /* JADataSource */; };
		063CE23B2B26548300D535C6 /* UINavigationItem+Extension.swift in Sources */ = {isa = PBXBuildFile; fileRef = 063CE23A2B26548300D535C6 /* UINavigationItem+Extension.swift */; };
		063CE23D2B2659B900D535C6 /* UIBarButtonItem+Extension.swift in Sources */ = {isa = PBXBuildFile; fileRef = 063CE23C2B2659B900D535C6 /* UIBarButtonItem+Extension.swift */; };
		063CE2452B265F4F00D535C6 /* MovieSearchViewController.swift in Sources */ = {isa = PBXBuildFile; fileRef = 063CE2442B265F4F00D535C6 /* MovieSearchViewController.swift */; };
		063CE2472B265F7D00D535C6 /* MovieSearchViewController.storyboard in Resources */ = {isa = PBXBuildFile; fileRef = 063CE2462B265F7D00D535C6 /* MovieSearchViewController.storyboard */; };
		063CE2492B26606800D535C6 /* MovieSearchViewModel.swift in Sources */ = {isa = PBXBuildFile; fileRef = 063CE2482B26606800D535C6 /* MovieSearchViewModel.swift */; };
		063CE24B2B26616500D535C6 /* MovieSearchController.swift in Sources */ = {isa = PBXBuildFile; fileRef = 063CE24A2B26616500D535C6 /* MovieSearchController.swift */; };
		063CE24D2B26658E00D535C6 /* UITextField+Publisher.swift in Sources */ = {isa = PBXBuildFile; fileRef = 063CE24C2B26658E00D535C6 /* UITextField+Publisher.swift */; };
		063CE24F2B26809800D535C6 /* UIApplication+Extension.swift in Sources */ = {isa = PBXBuildFile; fileRef = 063CE24E2B26809800D535C6 /* UIApplication+Extension.swift */; };
		063CE2512B26848900D535C6 /* MovieRatingView.swift in Sources */ = {isa = PBXBuildFile; fileRef = 063CE2502B26848900D535C6 /* MovieRatingView.swift */; };
		064379822B263D6C00D73A62 /* UIImageView+Extension.swift in Sources */ = {isa = PBXBuildFile; fileRef = 064379812B263D6C00D73A62 /* UIImageView+Extension.swift */; };
		064379842B263D9B00D73A62 /* UICollectionView+Extension.swift in Sources */ = {isa = PBXBuildFile; fileRef = 064379832B263D9B00D73A62 /* UICollectionView+Extension.swift */; };
		064379862B264CB400D73A62 /* UIView+Extension.swift in Sources */ = {isa = PBXBuildFile; fileRef = 064379852B264CB400D73A62 /* UIView+Extension.swift */; };
		064C6B2D2B2513E800C74095 /* MovieCell.swift in Sources */ = {isa = PBXBuildFile; fileRef = 064C6B2B2B2513E800C74095 /* MovieCell.swift */; };
		064C6B2E2B2513E800C74095 /* MovieCell.xib in Resources */ = {isa = PBXBuildFile; fileRef = 064C6B2C2B2513E800C74095 /* MovieCell.xib */; };
		064C6B312B2515E600C74095 /* MoviesDataSource.swift in Sources */ = {isa = PBXBuildFile; fileRef = 064C6B302B2515E600C74095 /* MoviesDataSource.swift */; };
/* End PBXBuildFile section */

/* Begin PBXContainerItemProxy section */
		062A3A7B2B2449B6002DCD73 /* PBXContainerItemProxy */ = {
			isa = PBXContainerItemProxy;
			containerPortal = 062A3A5C2B2449B5002DCD73 /* Project object */;
			proxyType = 1;
			remoteGlobalIDString = 062A3A632B2449B5002DCD73;
			remoteInfo = JetAppTestTask;
		};
/* End PBXContainerItemProxy section */

/* Begin PBXFileReference section */
		061BFBC12B24F88A00764C6F /* HomeController.swift */ = {isa = PBXFileReference; lastKnownFileType = sourcecode.swift; path = HomeController.swift; sourceTree = "<group>"; };
		062A3A642B2449B5002DCD73 /* JetAppTestTask.app */ = {isa = PBXFileReference; explicitFileType = wrapper.application; includeInIndex = 0; path = JetAppTestTask.app; sourceTree = BUILT_PRODUCTS_DIR; };
		062A3A672B2449B5002DCD73 /* AppDelegate.swift */ = {isa = PBXFileReference; lastKnownFileType = sourcecode.swift; path = AppDelegate.swift; sourceTree = "<group>"; };
		062A3A692B2449B5002DCD73 /* SceneDelegate.swift */ = {isa = PBXFileReference; lastKnownFileType = sourcecode.swift; path = SceneDelegate.swift; sourceTree = "<group>"; };
		062A3A6B2B2449B5002DCD73 /* HomeViewController.swift */ = {isa = PBXFileReference; lastKnownFileType = sourcecode.swift; path = HomeViewController.swift; sourceTree = "<group>"; };
		062A3A6E2B2449B5002DCD73 /* Base */ = {isa = PBXFileReference; lastKnownFileType = file.storyboard; name = Base; path = Base.lproj/HomeViewController.storyboard; sourceTree = "<group>"; };
		062A3A702B2449B6002DCD73 /* Assets.xcassets */ = {isa = PBXFileReference; lastKnownFileType = folder.assetcatalog; path = Assets.xcassets; sourceTree = "<group>"; };
		062A3A732B2449B6002DCD73 /* Base */ = {isa = PBXFileReference; lastKnownFileType = file.storyboard; name = Base; path = Base.lproj/LaunchScreen.storyboard; sourceTree = "<group>"; };
		062A3A752B2449B6002DCD73 /* Info.plist */ = {isa = PBXFileReference; lastKnownFileType = text.plist.xml; path = Info.plist; sourceTree = "<group>"; };
		062A3A7A2B2449B6002DCD73 /* JetAppTestTaskTests.xctest */ = {isa = PBXFileReference; explicitFileType = wrapper.cfbundle; includeInIndex = 0; path = JetAppTestTaskTests.xctest; sourceTree = BUILT_PRODUCTS_DIR; };
		062A3A7E2B2449B6002DCD73 /* JetAppTestTaskTests.swift */ = {isa = PBXFileReference; lastKnownFileType = sourcecode.swift; path = JetAppTestTaskTests.swift; sourceTree = "<group>"; };
		062A3A992B244AD8002DCD73 /* Storyboardable.swift */ = {isa = PBXFileReference; lastKnownFileType = sourcecode.swift; path = Storyboardable.swift; sourceTree = "<group>"; };
		062A3A9B2B244BC6002DCD73 /* Navigatable.swift */ = {isa = PBXFileReference; lastKnownFileType = sourcecode.swift; path = Navigatable.swift; sourceTree = "<group>"; };
		062A3A9E2B244C05002DCD73 /* BaseNavigator.swift */ = {isa = PBXFileReference; lastKnownFileType = sourcecode.swift; path = BaseNavigator.swift; sourceTree = "<group>"; };
		062A3AA12B244CBF002DCD73 /* AppNavigator.swift */ = {isa = PBXFileReference; lastKnownFileType = sourcecode.swift; path = AppNavigator.swift; sourceTree = "<group>"; };
		062A3AA62B244E29002DCD73 /* HomeNavigator.swift */ = {isa = PBXFileReference; lastKnownFileType = sourcecode.swift; path = HomeNavigator.swift; sourceTree = "<group>"; };
		062A3AAB2B245374002DCD73 /* ViewModelType.swift */ = {isa = PBXFileReference; lastKnownFileType = sourcecode.swift; path = ViewModelType.swift; sourceTree = "<group>"; };
		062A3AAE2B2453A4002DCD73 /* HomeViewModel.swift */ = {isa = PBXFileReference; lastKnownFileType = sourcecode.swift; path = HomeViewModel.swift; sourceTree = "<group>"; };
		062A3AB22B245481002DCD73 /* DependencyResolver.swift */ = {isa = PBXFileReference; lastKnownFileType = sourcecode.swift; path = DependencyResolver.swift; sourceTree = "<group>"; };
		062A3AB42B2454AA002DCD73 /* InjectionBundle.swift */ = {isa = PBXFileReference; lastKnownFileType = sourcecode.swift; path = InjectionBundle.swift; sourceTree = "<group>"; };
		062A3AC82B24DFD0002DCD73 /* Injected.swift */ = {isa = PBXFileReference; lastKnownFileType = sourcecode.swift; path = Injected.swift; sourceTree = "<group>"; };
		063CE23A2B26548300D535C6 /* UINavigationItem+Extension.swift */ = {isa = PBXFileReference; lastKnownFileType = sourcecode.swift; path = "UINavigationItem+Extension.swift"; sourceTree = "<group>"; };
		063CE23C2B2659B900D535C6 /* UIBarButtonItem+Extension.swift */ = {isa = PBXFileReference; lastKnownFileType = sourcecode.swift; path = "UIBarButtonItem+Extension.swift"; sourceTree = "<group>"; };
		063CE2442B265F4F00D535C6 /* MovieSearchViewController.swift */ = {isa = PBXFileReference; lastKnownFileType = sourcecode.swift; path = MovieSearchViewController.swift; sourceTree = "<group>"; };
		063CE2462B265F7D00D535C6 /* MovieSearchViewController.storyboard */ = {isa = PBXFileReference; lastKnownFileType = file.storyboard; path = MovieSearchViewController.storyboard; sourceTree = "<group>"; };
		063CE2482B26606800D535C6 /* MovieSearchViewModel.swift */ = {isa = PBXFileReference; lastKnownFileType = sourcecode.swift; path = MovieSearchViewModel.swift; sourceTree = "<group>"; };
		063CE24A2B26616500D535C6 /* MovieSearchController.swift */ = {isa = PBXFileReference; lastKnownFileType = sourcecode.swift; path = MovieSearchController.swift; sourceTree = "<group>"; };
		063CE24C2B26658E00D535C6 /* UITextField+Publisher.swift */ = {isa = PBXFileReference; lastKnownFileType = sourcecode.swift; path = "UITextField+Publisher.swift"; sourceTree = "<group>"; };
		063CE24E2B26809800D535C6 /* UIApplication+Extension.swift */ = {isa = PBXFileReference; lastKnownFileType = sourcecode.swift; path = "UIApplication+Extension.swift"; sourceTree = "<group>"; };
		063CE2502B26848900D535C6 /* MovieRatingView.swift */ = {isa = PBXFileReference; lastKnownFileType = sourcecode.swift; path = MovieRatingView.swift; sourceTree = "<group>"; };
		064379812B263D6C00D73A62 /* UIImageView+Extension.swift */ = {isa = PBXFileReference; lastKnownFileType = sourcecode.swift; path = "UIImageView+Extension.swift"; sourceTree = "<group>"; };
		064379832B263D9B00D73A62 /* UICollectionView+Extension.swift */ = {isa = PBXFileReference; lastKnownFileType = sourcecode.swift; path = "UICollectionView+Extension.swift"; sourceTree = "<group>"; };
		064379852B264CB400D73A62 /* UIView+Extension.swift */ = {isa = PBXFileReference; lastKnownFileType = sourcecode.swift; path = "UIView+Extension.swift"; sourceTree = "<group>"; };
		064C6B2B2B2513E800C74095 /* MovieCell.swift */ = {isa = PBXFileReference; lastKnownFileType = sourcecode.swift; path = MovieCell.swift; sourceTree = "<group>"; };
		064C6B2C2B2513E800C74095 /* MovieCell.xib */ = {isa = PBXFileReference; lastKnownFileType = file.xib; path = MovieCell.xib; sourceTree = "<group>"; };
		064C6B302B2515E600C74095 /* MoviesDataSource.swift */ = {isa = PBXFileReference; lastKnownFileType = sourcecode.swift; path = MoviesDataSource.swift; sourceTree = "<group>"; };
/* End PBXFileReference section */

/* Begin PBXFrameworksBuildPhase section */
		062A3A612B2449B5002DCD73 /* Frameworks */ = {
			isa = PBXFrameworksBuildPhase;
			buildActionMask = 2147483647;
			files = (
				062A3AD12B24E633002DCD73 /* JADataSource in Frameworks */,
				062A3ACF2B24E61A002DCD73 /* JADomain in Frameworks */,
			);
			runOnlyForDeploymentPostprocessing = 0;
		};
		062A3A772B2449B6002DCD73 /* Frameworks */ = {
			isa = PBXFrameworksBuildPhase;
			buildActionMask = 2147483647;
			files = (
			);
			runOnlyForDeploymentPostprocessing = 0;
		};
/* End PBXFrameworksBuildPhase section */

/* Begin PBXGroup section */
		062A3A5B2B2449B5002DCD73 = {
			isa = PBXGroup;
			children = (
				062A3A662B2449B5002DCD73 /* JetAppTestTask */,
				062A3A7D2B2449B6002DCD73 /* JetAppTestTaskTests */,
				062A3A652B2449B5002DCD73 /* Products */,
				062A3AC22B24AF1E002DCD73 /* Frameworks */,
			);
			sourceTree = "<group>";
		};
		062A3A652B2449B5002DCD73 /* Products */ = {
			isa = PBXGroup;
			children = (
				062A3A642B2449B5002DCD73 /* JetAppTestTask.app */,
				062A3A7A2B2449B6002DCD73 /* JetAppTestTaskTests.xctest */,
			);
			name = Products;
			sourceTree = "<group>";
		};
		062A3A662B2449B5002DCD73 /* JetAppTestTask */ = {
			isa = PBXGroup;
			children = (
				062A3AA02B244CAD002DCD73 /* Application */,
				062A3A972B244A89002DCD73 /* Common */,
				062A3AA32B244D92002DCD73 /* Screens */,
				062A3A702B2449B6002DCD73 /* Assets.xcassets */,
				062A3A722B2449B6002DCD73 /* LaunchScreen.storyboard */,
				062A3A752B2449B6002DCD73 /* Info.plist */,
			);
			path = JetAppTestTask;
			sourceTree = "<group>";
		};
		062A3A7D2B2449B6002DCD73 /* JetAppTestTaskTests */ = {
			isa = PBXGroup;
			children = (
				062A3A7E2B2449B6002DCD73 /* JetAppTestTaskTests.swift */,
			);
			path = JetAppTestTaskTests;
			sourceTree = "<group>";
		};
		062A3A972B244A89002DCD73 /* Common */ = {
			isa = PBXGroup;
			children = (
				064379802B263D5800D73A62 /* Extensions */,
				062A3A9D2B244BF4002DCD73 /* Navigation */,
				062A3AC72B24DFB6002DCD73 /* PropertyWrappers */,
				062A3A982B244A91002DCD73 /* Interfaces */,
			);
			path = Common;
			sourceTree = "<group>";
		};
		062A3A982B244A91002DCD73 /* Interfaces */ = {
			isa = PBXGroup;
			children = (
				062A3A9B2B244BC6002DCD73 /* Navigatable.swift */,
				062A3A992B244AD8002DCD73 /* Storyboardable.swift */,
				062A3AAB2B245374002DCD73 /* ViewModelType.swift */,
			);
			path = Interfaces;
			sourceTree = "<group>";
		};
		062A3A9D2B244BF4002DCD73 /* Navigation */ = {
			isa = PBXGroup;
			children = (
				062A3A9E2B244C05002DCD73 /* BaseNavigator.swift */,
			);
			path = Navigation;
			sourceTree = "<group>";
		};
		062A3AA02B244CAD002DCD73 /* Application */ = {
			isa = PBXGroup;
			children = (
				062A3AB12B245472002DCD73 /* DependencyInjection */,
				062A3A672B2449B5002DCD73 /* AppDelegate.swift */,
				062A3AA12B244CBF002DCD73 /* AppNavigator.swift */,
				062A3A692B2449B5002DCD73 /* SceneDelegate.swift */,
			);
			path = Application;
			sourceTree = "<group>";
		};
		062A3AA32B244D92002DCD73 /* Screens */ = {
			isa = PBXGroup;
			children = (
				062A3AA42B244D9B002DCD73 /* Home */,
			);
			path = Screens;
			sourceTree = "<group>";
		};
		062A3AA42B244D9B002DCD73 /* Home */ = {
			isa = PBXGroup;
			children = (
				062A3AA52B244D9F002DCD73 /* Navigator */,
				064C6B2A2B2513BF00C74095 /* Views */,
				062A3AAD2B24538E002DCD73 /* ViewModel */,
				062A3AB02B2453EE002DCD73 /* ViewController */,
				064C6B2F2B2515C800C74095 /* DataSource */,
				063CE2412B265EED00D535C6 /* Childs */,
			);
			path = Home;
			sourceTree = "<group>";
		};
		062A3AA52B244D9F002DCD73 /* Navigator */ = {
			isa = PBXGroup;
			children = (
				062A3AA62B244E29002DCD73 /* HomeNavigator.swift */,
			);
			path = Navigator;
			sourceTree = "<group>";
		};
		062A3AAD2B24538E002DCD73 /* ViewModel */ = {
			isa = PBXGroup;
			children = (
				062A3AAE2B2453A4002DCD73 /* HomeViewModel.swift */,
			);
			path = ViewModel;
			sourceTree = "<group>";
		};
		062A3AB02B2453EE002DCD73 /* ViewController */ = {
			isa = PBXGroup;
			children = (
				061BFBC12B24F88A00764C6F /* HomeController.swift */,
				062A3A6B2B2449B5002DCD73 /* HomeViewController.swift */,
				062A3A6D2B2449B5002DCD73 /* HomeViewController.storyboard */,
			);
			path = ViewController;
			sourceTree = "<group>";
		};
		062A3AB12B245472002DCD73 /* DependencyInjection */ = {
			isa = PBXGroup;
			children = (
				062A3AB22B245481002DCD73 /* DependencyResolver.swift */,
				062A3AB42B2454AA002DCD73 /* InjectionBundle.swift */,
			);
			path = DependencyInjection;
			sourceTree = "<group>";
		};
		062A3AC22B24AF1E002DCD73 /* Frameworks */ = {
			isa = PBXGroup;
			children = (
			);
			name = Frameworks;
			sourceTree = "<group>";
		};
		062A3AC72B24DFB6002DCD73 /* PropertyWrappers */ = {
			isa = PBXGroup;
			children = (
				062A3AC82B24DFD0002DCD73 /* Injected.swift */,
			);
			path = PropertyWrappers;
			sourceTree = "<group>";
		};
		063CE2402B265EE400D535C6 /* MovieSearch */ = {
			isa = PBXGroup;
			children = (
				063CE2422B265EF900D535C6 /* ViewModel */,
				063CE2432B265F0100D535C6 /* ViewController */,
			);
			path = MovieSearch;
			sourceTree = "<group>";
		};
		063CE2412B265EED00D535C6 /* Childs */ = {
			isa = PBXGroup;
			children = (
				063CE2402B265EE400D535C6 /* MovieSearch */,
			);
			path = Childs;
			sourceTree = "<group>";
		};
		063CE2422B265EF900D535C6 /* ViewModel */ = {
			isa = PBXGroup;
			children = (
				063CE2482B26606800D535C6 /* MovieSearchViewModel.swift */,
			);
			path = ViewModel;
			sourceTree = "<group>";
		};
		063CE2432B265F0100D535C6 /* ViewController */ = {
			isa = PBXGroup;
			children = (
				063CE24A2B26616500D535C6 /* MovieSearchController.swift */,
				063CE2442B265F4F00D535C6 /* MovieSearchViewController.swift */,
				063CE2462B265F7D00D535C6 /* MovieSearchViewController.storyboard */,
			);
			path = ViewController;
			sourceTree = "<group>";
		};
		064379802B263D5800D73A62 /* Extensions */ = {
			isa = PBXGroup;
			children = (
				063CE24E2B26809800D535C6 /* UIApplication+Extension.swift */,
				064379832B263D9B00D73A62 /* UICollectionView+Extension.swift */,
				063CE23C2B2659B900D535C6 /* UIBarButtonItem+Extension.swift */,
				063CE23A2B26548300D535C6 /* UINavigationItem+Extension.swift */,
				064379812B263D6C00D73A62 /* UIImageView+Extension.swift */,
				064379852B264CB400D73A62 /* UIView+Extension.swift */,
				063CE24C2B26658E00D535C6 /* UITextField+Publisher.swift */,
			);
			path = Extensions;
			sourceTree = "<group>";
		};
		064C6B2A2B2513BF00C74095 /* Views */ = {
			isa = PBXGroup;
			children = (
				063CE2502B26848900D535C6 /* MovieRatingView.swift */,
				064C6B2B2B2513E800C74095 /* MovieCell.swift */,
				064C6B2C2B2513E800C74095 /* MovieCell.xib */,
			);
			path = Views;
			sourceTree = "<group>";
		};
		064C6B2F2B2515C800C74095 /* DataSource */ = {
			isa = PBXGroup;
			children = (
				064C6B302B2515E600C74095 /* MoviesDataSource.swift */,
			);
			path = DataSource;
			sourceTree = "<group>";
		};
/* End PBXGroup section */

/* Begin PBXNativeTarget section */
		062A3A632B2449B5002DCD73 /* JetAppTestTask */ = {
			isa = PBXNativeTarget;
			buildConfigurationList = 062A3A8E2B2449B6002DCD73 /* Build configuration list for PBXNativeTarget "JetAppTestTask" */;
			buildPhases = (
				062A3A602B2449B5002DCD73 /* Sources */,
				062A3A612B2449B5002DCD73 /* Frameworks */,
				062A3A622B2449B5002DCD73 /* Resources */,
			);
			buildRules = (
			);
			dependencies = (
			);
			name = JetAppTestTask;
			packageProductDependencies = (
				062A3ACE2B24E61A002DCD73 /* JADomain */,
				062A3AD02B24E633002DCD73 /* JADataSource */,
			);
			productName = JetAppTestTask;
			productReference = 062A3A642B2449B5002DCD73 /* JetAppTestTask.app */;
			productType = "com.apple.product-type.application";
		};
		062A3A792B2449B6002DCD73 /* JetAppTestTaskTests */ = {
			isa = PBXNativeTarget;
			buildConfigurationList = 062A3A912B2449B6002DCD73 /* Build configuration list for PBXNativeTarget "JetAppTestTaskTests" */;
			buildPhases = (
				062A3A762B2449B6002DCD73 /* Sources */,
				062A3A772B2449B6002DCD73 /* Frameworks */,
				062A3A782B2449B6002DCD73 /* Resources */,
			);
			buildRules = (
			);
			dependencies = (
				062A3A7C2B2449B6002DCD73 /* PBXTargetDependency */,
			);
			name = JetAppTestTaskTests;
			productName = JetAppTestTaskTests;
			productReference = 062A3A7A2B2449B6002DCD73 /* JetAppTestTaskTests.xctest */;
			productType = "com.apple.product-type.bundle.unit-test";
		};
/* End PBXNativeTarget section */

/* Begin PBXProject section */
		062A3A5C2B2449B5002DCD73 /* Project object */ = {
			isa = PBXProject;
			attributes = {
				BuildIndependentTargetsInParallel = 1;
				LastSwiftUpdateCheck = 1500;
				LastUpgradeCheck = 1500;
				TargetAttributes = {
					062A3A632B2449B5002DCD73 = {
						CreatedOnToolsVersion = 15.0.1;
					};
					062A3A792B2449B6002DCD73 = {
						CreatedOnToolsVersion = 15.0.1;
						TestTargetID = 062A3A632B2449B5002DCD73;
					};
				};
			};
			buildConfigurationList = 062A3A5F2B2449B5002DCD73 /* Build configuration list for PBXProject "JetAppTestTask" */;
			compatibilityVersion = "Xcode 14.0";
			developmentRegion = en;
			hasScannedForEncodings = 0;
			knownRegions = (
				en,
				Base,
			);
			mainGroup = 062A3A5B2B2449B5002DCD73;
			productRefGroup = 062A3A652B2449B5002DCD73 /* Products */;
			projectDirPath = "";
			projectRoot = "";
			targets = (
				062A3A632B2449B5002DCD73 /* JetAppTestTask */,
				062A3A792B2449B6002DCD73 /* JetAppTestTaskTests */,
			);
		};
/* End PBXProject section */

/* Begin PBXResourcesBuildPhase section */
		062A3A622B2449B5002DCD73 /* Resources */ = {
			isa = PBXResourcesBuildPhase;
			buildActionMask = 2147483647;
			files = (
				062A3A742B2449B6002DCD73 /* LaunchScreen.storyboard in Resources */,
				063CE2472B265F7D00D535C6 /* MovieSearchViewController.storyboard in Resources */,
				062A3A712B2449B6002DCD73 /* Assets.xcassets in Resources */,
				064C6B2E2B2513E800C74095 /* MovieCell.xib in Resources */,
				062A3A6F2B2449B5002DCD73 /* HomeViewController.storyboard in Resources */,
			);
			runOnlyForDeploymentPostprocessing = 0;
		};
		062A3A782B2449B6002DCD73 /* Resources */ = {
			isa = PBXResourcesBuildPhase;
			buildActionMask = 2147483647;
			files = (
			);
			runOnlyForDeploymentPostprocessing = 0;
		};
/* End PBXResourcesBuildPhase section */

/* Begin PBXSourcesBuildPhase section */
		062A3A602B2449B5002DCD73 /* Sources */ = {
			isa = PBXSourcesBuildPhase;
			buildActionMask = 2147483647;
			files = (
				064379842B263D9B00D73A62 /* UICollectionView+Extension.swift in Sources */,
				062A3A9C2B244BC6002DCD73 /* Navigatable.swift in Sources */,
				062A3AAF2B2453A4002DCD73 /* HomeViewModel.swift in Sources */,
				063CE2452B265F4F00D535C6 /* MovieSearchViewController.swift in Sources */,
				061BFBC22B24F88A00764C6F /* HomeController.swift in Sources */,
				063CE2512B26848900D535C6 /* MovieRatingView.swift in Sources */,
				064C6B312B2515E600C74095 /* MoviesDataSource.swift in Sources */,
				062A3A9A2B244AD8002DCD73 /* Storyboardable.swift in Sources */,
				062A3AA72B244E29002DCD73 /* HomeNavigator.swift in Sources */,
				063CE24D2B26658E00D535C6 /* UITextField+Publisher.swift in Sources */,
				063CE23D2B2659B900D535C6 /* UIBarButtonItem+Extension.swift in Sources */,
				062A3AC92B24DFD0002DCD73 /* Injected.swift in Sources */,
				062A3AB32B245481002DCD73 /* DependencyResolver.swift in Sources */,
				063CE24F2B26809800D535C6 /* UIApplication+Extension.swift in Sources */,
				062A3AA22B244CBF002DCD73 /* AppNavigator.swift in Sources */,
				064C6B2D2B2513E800C74095 /* MovieCell.swift in Sources */,
				062A3A9F2B244C05002DCD73 /* BaseNavigator.swift in Sources */,
				063CE23B2B26548300D535C6 /* UINavigationItem+Extension.swift in Sources */,
				064379862B264CB400D73A62 /* UIView+Extension.swift in Sources */,
				063CE24B2B26616500D535C6 /* MovieSearchController.swift in Sources */,
				062A3AB52B2454AA002DCD73 /* InjectionBundle.swift in Sources */,
				062A3A6C2B2449B5002DCD73 /* HomeViewController.swift in Sources */,
				062A3A682B2449B5002DCD73 /* AppDelegate.swift in Sources */,
				062A3AAC2B245374002DCD73 /* ViewModelType.swift in Sources */,
				064379822B263D6C00D73A62 /* UIImageView+Extension.swift in Sources */,
				062A3A6A2B2449B5002DCD73 /* SceneDelegate.swift in Sources */,
				063CE2492B26606800D535C6 /* MovieSearchViewModel.swift in Sources */,
			);
			runOnlyForDeploymentPostprocessing = 0;
		};
		062A3A762B2449B6002DCD73 /* Sources */ = {
			isa = PBXSourcesBuildPhase;
			buildActionMask = 2147483647;
			files = (
				062A3A7F2B2449B6002DCD73 /* JetAppTestTaskTests.swift in Sources */,
			);
			runOnlyForDeploymentPostprocessing = 0;
		};
/* End PBXSourcesBuildPhase section */

/* Begin PBXTargetDependency section */
		062A3A7C2B2449B6002DCD73 /* PBXTargetDependency */ = {
			isa = PBXTargetDependency;
			target = 062A3A632B2449B5002DCD73 /* JetAppTestTask */;
			targetProxy = 062A3A7B2B2449B6002DCD73 /* PBXContainerItemProxy */;
		};
/* End PBXTargetDependency section */

/* Begin PBXVariantGroup section */
		062A3A6D2B2449B5002DCD73 /* HomeViewController.storyboard */ = {
			isa = PBXVariantGroup;
			children = (
				062A3A6E2B2449B5002DCD73 /* Base */,
			);
			name = HomeViewController.storyboard;
			sourceTree = "<group>";
		};
		062A3A722B2449B6002DCD73 /* LaunchScreen.storyboard */ = {
			isa = PBXVariantGroup;
			children = (
				062A3A732B2449B6002DCD73 /* Base */,
			);
			name = LaunchScreen.storyboard;
			sourceTree = "<group>";
		};
/* End PBXVariantGroup section */

/* Begin XCBuildConfiguration section */
		062A3A8C2B2449B6002DCD73 /* Debug */ = {
			isa = XCBuildConfiguration;
			buildSettings = {
				ALWAYS_SEARCH_USER_PATHS = NO;
				ASSETCATALOG_COMPILER_GENERATE_SWIFT_ASSET_SYMBOL_EXTENSIONS = YES;
				CLANG_ANALYZER_NONNULL = YES;
				CLANG_ANALYZER_NUMBER_OBJECT_CONVERSION = YES_AGGRESSIVE;
				CLANG_CXX_LANGUAGE_STANDARD = "gnu++20";
				CLANG_ENABLE_MODULES = YES;
				CLANG_ENABLE_OBJC_ARC = YES;
				CLANG_ENABLE_OBJC_WEAK = YES;
				CLANG_WARN_BLOCK_CAPTURE_AUTORELEASING = YES;
				CLANG_WARN_BOOL_CONVERSION = YES;
				CLANG_WARN_COMMA = YES;
				CLANG_WARN_CONSTANT_CONVERSION = YES;
				CLANG_WARN_DEPRECATED_OBJC_IMPLEMENTATIONS = YES;
				CLANG_WARN_DIRECT_OBJC_ISA_USAGE = YES_ERROR;
				CLANG_WARN_DOCUMENTATION_COMMENTS = YES;
				CLANG_WARN_EMPTY_BODY = YES;
				CLANG_WARN_ENUM_CONVERSION = YES;
				CLANG_WARN_INFINITE_RECURSION = YES;
				CLANG_WARN_INT_CONVERSION = YES;
				CLANG_WARN_NON_LITERAL_NULL_CONVERSION = YES;
				CLANG_WARN_OBJC_IMPLICIT_RETAIN_SELF = YES;
				CLANG_WARN_OBJC_LITERAL_CONVERSION = YES;
				CLANG_WARN_OBJC_ROOT_CLASS = YES_ERROR;
				CLANG_WARN_QUOTED_INCLUDE_IN_FRAMEWORK_HEADER = YES;
				CLANG_WARN_RANGE_LOOP_ANALYSIS = YES;
				CLANG_WARN_STRICT_PROTOTYPES = YES;
				CLANG_WARN_SUSPICIOUS_MOVE = YES;
				CLANG_WARN_UNGUARDED_AVAILABILITY = YES_AGGRESSIVE;
				CLANG_WARN_UNREACHABLE_CODE = YES;
				CLANG_WARN__DUPLICATE_METHOD_MATCH = YES;
				COPY_PHASE_STRIP = NO;
				DEBUG_INFORMATION_FORMAT = dwarf;
				ENABLE_STRICT_OBJC_MSGSEND = YES;
				ENABLE_TESTABILITY = YES;
				ENABLE_USER_SCRIPT_SANDBOXING = YES;
				GCC_C_LANGUAGE_STANDARD = gnu17;
				GCC_DYNAMIC_NO_PIC = NO;
				GCC_NO_COMMON_BLOCKS = YES;
				GCC_OPTIMIZATION_LEVEL = 0;
				GCC_PREPROCESSOR_DEFINITIONS = (
					"DEBUG=1",
					"$(inherited)",
				);
				GCC_WARN_64_TO_32_BIT_CONVERSION = YES;
				GCC_WARN_ABOUT_RETURN_TYPE = YES_ERROR;
				GCC_WARN_UNDECLARED_SELECTOR = YES;
				GCC_WARN_UNINITIALIZED_AUTOS = YES_AGGRESSIVE;
				GCC_WARN_UNUSED_FUNCTION = YES;
				GCC_WARN_UNUSED_VARIABLE = YES;
				IPHONEOS_DEPLOYMENT_TARGET = 17.0;
				LOCALIZATION_PREFERS_STRING_CATALOGS = YES;
				MTL_ENABLE_DEBUG_INFO = INCLUDE_SOURCE;
				MTL_FAST_MATH = YES;
				ONLY_ACTIVE_ARCH = YES;
				SDKROOT = iphoneos;
				SWIFT_ACTIVE_COMPILATION_CONDITIONS = "DEBUG $(inherited)";
				SWIFT_OPTIMIZATION_LEVEL = "-Onone";
			};
			name = Debug;
		};
		062A3A8D2B2449B6002DCD73 /* Release */ = {
			isa = XCBuildConfiguration;
			buildSettings = {
				ALWAYS_SEARCH_USER_PATHS = NO;
				ASSETCATALOG_COMPILER_GENERATE_SWIFT_ASSET_SYMBOL_EXTENSIONS = YES;
				CLANG_ANALYZER_NONNULL = YES;
				CLANG_ANALYZER_NUMBER_OBJECT_CONVERSION = YES_AGGRESSIVE;
				CLANG_CXX_LANGUAGE_STANDARD = "gnu++20";
				CLANG_ENABLE_MODULES = YES;
				CLANG_ENABLE_OBJC_ARC = YES;
				CLANG_ENABLE_OBJC_WEAK = YES;
				CLANG_WARN_BLOCK_CAPTURE_AUTORELEASING = YES;
				CLANG_WARN_BOOL_CONVERSION = YES;
				CLANG_WARN_COMMA = YES;
				CLANG_WARN_CONSTANT_CONVERSION = YES;
				CLANG_WARN_DEPRECATED_OBJC_IMPLEMENTATIONS = YES;
				CLANG_WARN_DIRECT_OBJC_ISA_USAGE = YES_ERROR;
				CLANG_WARN_DOCUMENTATION_COMMENTS = YES;
				CLANG_WARN_EMPTY_BODY = YES;
				CLANG_WARN_ENUM_CONVERSION = YES;
				CLANG_WARN_INFINITE_RECURSION = YES;
				CLANG_WARN_INT_CONVERSION = YES;
				CLANG_WARN_NON_LITERAL_NULL_CONVERSION = YES;
				CLANG_WARN_OBJC_IMPLICIT_RETAIN_SELF = YES;
				CLANG_WARN_OBJC_LITERAL_CONVERSION = YES;
				CLANG_WARN_OBJC_ROOT_CLASS = YES_ERROR;
				CLANG_WARN_QUOTED_INCLUDE_IN_FRAMEWORK_HEADER = YES;
				CLANG_WARN_RANGE_LOOP_ANALYSIS = YES;
				CLANG_WARN_STRICT_PROTOTYPES = YES;
				CLANG_WARN_SUSPICIOUS_MOVE = YES;
				CLANG_WARN_UNGUARDED_AVAILABILITY = YES_AGGRESSIVE;
				CLANG_WARN_UNREACHABLE_CODE = YES;
				CLANG_WARN__DUPLICATE_METHOD_MATCH = YES;
				COPY_PHASE_STRIP = NO;
				DEBUG_INFORMATION_FORMAT = "dwarf-with-dsym";
				ENABLE_NS_ASSERTIONS = NO;
				ENABLE_STRICT_OBJC_MSGSEND = YES;
				ENABLE_USER_SCRIPT_SANDBOXING = YES;
				GCC_C_LANGUAGE_STANDARD = gnu17;
				GCC_NO_COMMON_BLOCKS = YES;
				GCC_WARN_64_TO_32_BIT_CONVERSION = YES;
				GCC_WARN_ABOUT_RETURN_TYPE = YES_ERROR;
				GCC_WARN_UNDECLARED_SELECTOR = YES;
				GCC_WARN_UNINITIALIZED_AUTOS = YES_AGGRESSIVE;
				GCC_WARN_UNUSED_FUNCTION = YES;
				GCC_WARN_UNUSED_VARIABLE = YES;
				IPHONEOS_DEPLOYMENT_TARGET = 17.0;
				LOCALIZATION_PREFERS_STRING_CATALOGS = YES;
				MTL_ENABLE_DEBUG_INFO = NO;
				MTL_FAST_MATH = YES;
				SDKROOT = iphoneos;
				SWIFT_COMPILATION_MODE = wholemodule;
				VALIDATE_PRODUCT = YES;
			};
			name = Release;
		};
		062A3A8F2B2449B6002DCD73 /* Debug */ = {
			isa = XCBuildConfiguration;
			buildSettings = {
				ASSETCATALOG_COMPILER_APPICON_NAME = AppIcon;
				ASSETCATALOG_COMPILER_GLOBAL_ACCENT_COLOR_NAME = AccentColor;
				CODE_SIGN_STYLE = Automatic;
				CURRENT_PROJECT_VERSION = 1;
				DEVELOPMENT_TEAM = M3W7UGKVJ5;
				GENERATE_INFOPLIST_FILE = YES;
				INFOPLIST_FILE = JetAppTestTask/Info.plist;
				INFOPLIST_KEY_UIApplicationSupportsIndirectInputEvents = YES;
				INFOPLIST_KEY_UILaunchStoryboardName = LaunchScreen;
				INFOPLIST_KEY_UIStatusBarHidden = NO;
				INFOPLIST_KEY_UISupportedInterfaceOrientations = "UIInterfaceOrientationPortrait UIInterfaceOrientationPortraitUpsideDown";
				INFOPLIST_KEY_UISupportedInterfaceOrientations_iPad = "UIInterfaceOrientationLandscapeLeft UIInterfaceOrientationLandscapeRight UIInterfaceOrientationPortrait UIInterfaceOrientationPortraitUpsideDown";
				LD_RUNPATH_SEARCH_PATHS = (
					"$(inherited)",
					"@executable_path/Frameworks",
				);
				MARKETING_VERSION = 1.0;
				PRODUCT_BUNDLE_IDENTIFIER = com.yantsybaiev.dmytro.JetAppTestTask;
				PRODUCT_NAME = "$(TARGET_NAME)";
				SUPPORTED_PLATFORMS = "iphoneos iphonesimulator";
				SUPPORTS_MACCATALYST = NO;
				SUPPORTS_MAC_DESIGNED_FOR_IPHONE_IPAD = NO;
				SWIFT_EMIT_LOC_STRINGS = YES;
				SWIFT_VERSION = 5.0;
				TARGETED_DEVICE_FAMILY = 1;
			};
			name = Debug;
		};
		062A3A902B2449B6002DCD73 /* Release */ = {
			isa = XCBuildConfiguration;
			buildSettings = {
				ASSETCATALOG_COMPILER_APPICON_NAME = AppIcon;
				ASSETCATALOG_COMPILER_GLOBAL_ACCENT_COLOR_NAME = AccentColor;
				CODE_SIGN_STYLE = Automatic;
				CURRENT_PROJECT_VERSION = 1;
				DEVELOPMENT_TEAM = M3W7UGKVJ5;
				GENERATE_INFOPLIST_FILE = YES;
				INFOPLIST_FILE = JetAppTestTask/Info.plist;
				INFOPLIST_KEY_UIApplicationSupportsIndirectInputEvents = YES;
				INFOPLIST_KEY_UILaunchStoryboardName = LaunchScreen;
				INFOPLIST_KEY_UIStatusBarHidden = NO;
				INFOPLIST_KEY_UISupportedInterfaceOrientations = "UIInterfaceOrientationPortrait UIInterfaceOrientationPortraitUpsideDown";
				INFOPLIST_KEY_UISupportedInterfaceOrientations_iPad = "UIInterfaceOrientationLandscapeLeft UIInterfaceOrientationLandscapeRight UIInterfaceOrientationPortrait UIInterfaceOrientationPortraitUpsideDown";
				LD_RUNPATH_SEARCH_PATHS = (
					"$(inherited)",
					"@executable_path/Frameworks",
				);
				MARKETING_VERSION = 1.0;
				PRODUCT_BUNDLE_IDENTIFIER = com.yantsybaiev.dmytro.JetAppTestTask;
				PRODUCT_NAME = "$(TARGET_NAME)";
				SUPPORTED_PLATFORMS = "iphoneos iphonesimulator";
				SUPPORTS_MACCATALYST = NO;
				SUPPORTS_MAC_DESIGNED_FOR_IPHONE_IPAD = NO;
				SWIFT_EMIT_LOC_STRINGS = YES;
				SWIFT_VERSION = 5.0;
				TARGETED_DEVICE_FAMILY = 1;
			};
			name = Release;
		};
		062A3A922B2449B6002DCD73 /* Debug */ = {
			isa = XCBuildConfiguration;
			buildSettings = {
				ALWAYS_EMBED_SWIFT_STANDARD_LIBRARIES = YES;
				BUNDLE_LOADER = "$(TEST_HOST)";
				CODE_SIGN_STYLE = Automatic;
				CURRENT_PROJECT_VERSION = 1;
				DEVELOPMENT_TEAM = M3W7UGKVJ5;
				GENERATE_INFOPLIST_FILE = YES;
				IPHONEOS_DEPLOYMENT_TARGET = 17.0;
				MARKETING_VERSION = 1.0;
				PRODUCT_BUNDLE_IDENTIFIER = com.yantsybaiev.dmytro.JetAppTestTaskTests;
				PRODUCT_NAME = "$(TARGET_NAME)";
				SWIFT_EMIT_LOC_STRINGS = NO;
				SWIFT_VERSION = 5.0;
				TARGETED_DEVICE_FAMILY = "1,2";
				TEST_HOST = "$(BUILT_PRODUCTS_DIR)/JetAppTestTask.app/$(BUNDLE_EXECUTABLE_FOLDER_PATH)/JetAppTestTask";
			};
			name = Debug;
		};
		062A3A932B2449B6002DCD73 /* Release */ = {
			isa = XCBuildConfiguration;
			buildSettings = {
				ALWAYS_EMBED_SWIFT_STANDARD_LIBRARIES = YES;
				BUNDLE_LOADER = "$(TEST_HOST)";
				CODE_SIGN_STYLE = Automatic;
				CURRENT_PROJECT_VERSION = 1;
				DEVELOPMENT_TEAM = M3W7UGKVJ5;
				GENERATE_INFOPLIST_FILE = YES;
				IPHONEOS_DEPLOYMENT_TARGET = 17.0;
				MARKETING_VERSION = 1.0;
				PRODUCT_BUNDLE_IDENTIFIER = com.yantsybaiev.dmytro.JetAppTestTaskTests;
				PRODUCT_NAME = "$(TARGET_NAME)";
				SWIFT_EMIT_LOC_STRINGS = NO;
				SWIFT_VERSION = 5.0;
				TARGETED_DEVICE_FAMILY = "1,2";
				TEST_HOST = "$(BUILT_PRODUCTS_DIR)/JetAppTestTask.app/$(BUNDLE_EXECUTABLE_FOLDER_PATH)/JetAppTestTask";
			};
			name = Release;
		};
/* End XCBuildConfiguration section */

/* Begin XCConfigurationList section */
		062A3A5F2B2449B5002DCD73 /* Build configuration list for PBXProject "JetAppTestTask" */ = {
			isa = XCConfigurationList;
			buildConfigurations = (
				062A3A8C2B2449B6002DCD73 /* Debug */,
				062A3A8D2B2449B6002DCD73 /* Release */,
			);
			defaultConfigurationIsVisible = 0;
			defaultConfigurationName = Release;
		};
		062A3A8E2B2449B6002DCD73 /* Build configuration list for PBXNativeTarget "JetAppTestTask" */ = {
			isa = XCConfigurationList;
			buildConfigurations = (
				062A3A8F2B2449B6002DCD73 /* Debug */,
				062A3A902B2449B6002DCD73 /* Release */,
			);
			defaultConfigurationIsVisible = 0;
			defaultConfigurationName = Release;
		};
		062A3A912B2449B6002DCD73 /* Build configuration list for PBXNativeTarget "JetAppTestTaskTests" */ = {
			isa = XCConfigurationList;
			buildConfigurations = (
				062A3A922B2449B6002DCD73 /* Debug */,
				062A3A932B2449B6002DCD73 /* Release */,
			);
			defaultConfigurationIsVisible = 0;
			defaultConfigurationName = Release;
		};
/* End XCConfigurationList section */

/* Begin XCSwiftPackageProductDependency section */
		062A3ACE2B24E61A002DCD73 /* JADomain */ = {
			isa = XCSwiftPackageProductDependency;
			productName = JADomain;
		};
		062A3AD02B24E633002DCD73 /* JADataSource */ = {
			isa = XCSwiftPackageProductDependency;
			productName = JADataSource;
		};
/* End XCSwiftPackageProductDependency section */
	};
	rootObject = 062A3A5C2B2449B5002DCD73 /* Project object */;
}
