// !$*UTF8*$!
{
	archiveVersion = 1;
	classes = {
	};
	objectVersion = 56;
	objects = {

/* Begin PBXBuildFile section */
		062A3A682B2449B5002DCD73 /* AppDelegate.swift in Sources */ = {isa = PBXBuildFile; fileRef = 062A3A672B2449B5002DCD73 /* AppDelegate.swift */; };
		062A3A6A2B2449B5002DCD73 /* SceneDelegate.swift in Sources */ = {isa = PBXBuildFile; fileRef = 062A3A692B2449B5002DCD73 /* SceneDelegate.swift */; };
		062A3A6C2B2449B5002DCD73 /* ViewController.swift in Sources */ = {isa = PBXBuildFile; fileRef = 062A3A6B2B2449B5002DCD73 /* ViewController.swift */; };
		062A3A6F2B2449B5002DCD73 /* Main.storyboard in Resources */ = {isa = PBXBuildFile; fileRef = 062A3A6D2B2449B5002DCD73 /* Main.storyboard */; };
		062A3A712B2449B6002DCD73 /* Assets.xcassets in Resources */ = {isa = PBXBuildFile; fileRef = 062A3A702B2449B6002DCD73 /* Assets.xcassets */; };
		062A3A742B2449B6002DCD73 /* LaunchScreen.storyboard in Resources */ = {isa = PBXBuildFile; fileRef = 062A3A722B2449B6002DCD73 /* LaunchScreen.storyboard */; };
		062A3A7F2B2449B6002DCD73 /* JetAppTestTaskTests.swift in Sources */ = {isa = PBXBuildFile; fileRef = 062A3A7E2B2449B6002DCD73 /* JetAppTestTaskTests.swift */; };
		062A3A892B2449B6002DCD73 /* JetAppTestTaskUITests.swift in Sources */ = {isa = PBXBuildFile; fileRef = 062A3A882B2449B6002DCD73 /* JetAppTestTaskUITests.swift */; };
		062A3A8B2B2449B6002DCD73 /* JetAppTestTaskUITestsLaunchTests.swift in Sources */ = {isa = PBXBuildFile; fileRef = 062A3A8A2B2449B6002DCD73 /* JetAppTestTaskUITestsLaunchTests.swift */; };
/* End PBXBuildFile section */

/* Begin PBXContainerItemProxy section */
		062A3A7B2B2449B6002DCD73 /* PBXContainerItemProxy */ = {
			isa = PBXContainerItemProxy;
			containerPortal = 062A3A5C2B2449B5002DCD73 /* Project object */;
			proxyType = 1;
			remoteGlobalIDString = 062A3A632B2449B5002DCD73;
			remoteInfo = JetAppTestTask;
		};
		062A3A852B2449B6002DCD73 /* PBXContainerItemProxy */ = {
			isa = PBXContainerItemProxy;
			containerPortal = 062A3A5C2B2449B5002DCD73 /* Project object */;
			proxyType = 1;
			remoteGlobalIDString = 062A3A632B2449B5002DCD73;
			remoteInfo = JetAppTestTask;
		};
/* End PBXContainerItemProxy section */

/* Begin PBXFileReference section */
		062A3A642B2449B5002DCD73 /* JetAppTestTask.app */ = {isa = PBXFileReference; explicitFileType = wrapper.application; includeInIndex = 0; path = JetAppTestTask.app; sourceTree = BUILT_PRODUCTS_DIR; };
		062A3A672B2449B5002DCD73 /* AppDelegate.swift */ = {isa = PBXFileReference; lastKnownFileType = sourcecode.swift; path = AppDelegate.swift; sourceTree = "<group>"; };
		062A3A692B2449B5002DCD73 /* SceneDelegate.swift */ = {isa = PBXFileReference; lastKnownFileType = sourcecode.swift; path = SceneDelegate.swift; sourceTree = "<group>"; };
		062A3A6B2B2449B5002DCD73 /* ViewController.swift */ = {isa = PBXFileReference; lastKnownFileType = sourcecode.swift; path = ViewController.swift; sourceTree = "<group>"; };
		062A3A6E2B2449B5002DCD73 /* Base */ = {isa = PBXFileReference; lastKnownFileType = file.storyboard; name = Base; path = Base.lproj/Main.storyboard; sourceTree = "<group>"; };
		062A3A702B2449B6002DCD73 /* Assets.xcassets */ = {isa = PBXFileReference; lastKnownFileType = folder.assetcatalog; path = Assets.xcassets; sourceTree = "<group>"; };
		062A3A732B2449B6002DCD73 /* Base */ = {isa = PBXFileReference; lastKnownFileType = file.storyboard; name = Base; path = Base.lproj/LaunchScreen.storyboard; sourceTree = "<group>"; };
		062A3A752B2449B6002DCD73 /* Info.plist */ = {isa = PBXFileReference; lastKnownFileType = text.plist.xml; path = Info.plist; sourceTree = "<group>"; };
		062A3A7A2B2449B6002DCD73 /* JetAppTestTaskTests.xctest */ = {isa = PBXFileReference; explicitFileType = wrapper.cfbundle; includeInIndex = 0; path = JetAppTestTaskTests.xctest; sourceTree = BUILT_PRODUCTS_DIR; };
		062A3A7E2B2449B6002DCD73 /* JetAppTestTaskTests.swift */ = {isa = PBXFileReference; lastKnownFileType = sourcecode.swift; path = JetAppTestTaskTests.swift; sourceTree = "<group>"; };
		062A3A842B2449B6002DCD73 /* JetAppTestTaskUITests.xctest */ = {isa = PBXFileReference; explicitFileType = wrapper.cfbundle; includeInIndex = 0; path = JetAppTestTaskUITests.xctest; sourceTree = BUILT_PRODUCTS_DIR; };
		062A3A882B2449B6002DCD73 /* JetAppTestTaskUITests.swift */ = {isa = PBXFileReference; lastKnownFileType = sourcecode.swift; path = JetAppTestTaskUITests.swift; sourceTree = "<group>"; };
		062A3A8A2B2449B6002DCD73 /* JetAppTestTaskUITestsLaunchTests.swift */ = {isa = PBXFileReference; lastKnownFileType = sourcecode.swift; path = JetAppTestTaskUITestsLaunchTests.swift; sourceTree = "<group>"; };
/* End PBXFileReference section */

/* Begin PBXFrameworksBuildPhase section */
		062A3A612B2449B5002DCD73 /* Frameworks */ = {
			isa = PBXFrameworksBuildPhase;
			buildActionMask = 2147483647;
			files = (
			);
			runOnlyForDeploymentPostprocessing = 0;
		};
		062A3A772B2449B6002DCD73 /* Frameworks */ = {
			isa = PBXFrameworksBuildPhase;
			buildActionMask = 2147483647;
			files = (
			);
			runOnlyForDeploymentPostprocessing = 0;
		};
		062A3A812B2449B6002DCD73 /* Frameworks */ = {
			isa = PBXFrameworksBuildPhase;
			buildActionMask = 2147483647;
			files = (
			);
			runOnlyForDeploymentPostprocessing = 0;
		};
/* End PBXFrameworksBuildPhase section */

/* Begin PBXGroup section */
		062A3A5B2B2449B5002DCD73 = {
			isa = PBXGroup;
			children = (
				062A3A662B2449B5002DCD73 /* JetAppTestTask */,
				062A3A7D2B2449B6002DCD73 /* JetAppTestTaskTests */,
				062A3A872B2449B6002DCD73 /* JetAppTestTaskUITests */,
				062A3A652B2449B5002DCD73 /* Products */,
			);
			sourceTree = "<group>";
		};
		062A3A652B2449B5002DCD73 /* Products */ = {
			isa = PBXGroup;
			children = (
				062A3A642B2449B5002DCD73 /* JetAppTestTask.app */,
				062A3A7A2B2449B6002DCD73 /* JetAppTestTaskTests.xctest */,
				062A3A842B2449B6002DCD73 /* JetAppTestTaskUITests.xctest */,
			);
			name = Products;
			sourceTree = "<group>";
		};
		062A3A662B2449B5002DCD73 /* JetAppTestTask */ = {
			isa = PBXGroup;
			children = (
				062A3A672B2449B5002DCD73 /* AppDelegate.swift */,
				062A3A692B2449B5002DCD73 /* SceneDelegate.swift */,
				062A3A6B2B2449B5002DCD73 /* ViewController.swift */,
				062A3A6D2B2449B5002DCD73 /* Main.storyboard */,
				062A3A702B2449B6002DCD73 /* Assets.xcassets */,
				062A3A722B2449B6002DCD73 /* LaunchScreen.storyboard */,
				062A3A752B2449B6002DCD73 /* Info.plist */,
			);
			path = JetAppTestTask;
			sourceTree = "<group>";
		};
		062A3A7D2B2449B6002DCD73 /* JetAppTestTaskTests */ = {
			isa = PBXGroup;
			children = (
				062A3A7E2B2449B6002DCD73 /* JetAppTestTaskTests.swift */,
			);
			path = JetAppTestTaskTests;
			sourceTree = "<group>";
		};
		062A3A872B2449B6002DCD73 /* JetAppTestTaskUITests */ = {
			isa = PBXGroup;
			children = (
				062A3A882B2449B6002DCD73 /* JetAppTestTaskUITests.swift */,
				062A3A8A2B2449B6002DCD73 /* JetAppTestTaskUITestsLaunchTests.swift */,
			);
			path = JetAppTestTaskUITests;
			sourceTree = "<group>";
		};
/* End PBXGroup section */

/* Begin PBXNativeTarget section */
		062A3A632B2449B5002DCD73 /* JetAppTestTask */ = {
			isa = PBXNativeTarget;
			buildConfigurationList = 062A3A8E2B2449B6002DCD73 /* Build configuration list for PBXNativeTarget "JetAppTestTask" */;
			buildPhases = (
				062A3A602B2449B5002DCD73 /* Sources */,
				062A3A612B2449B5002DCD73 /* Frameworks */,
				062A3A622B2449B5002DCD73 /* Resources */,
			);
			buildRules = (
			);
			dependencies = (
			);
			name = JetAppTestTask;
			productName = JetAppTestTask;
			productReference = 062A3A642B2449B5002DCD73 /* JetAppTestTask.app */;
			productType = "com.apple.product-type.application";
		};
		062A3A792B2449B6002DCD73 /* JetAppTestTaskTests */ = {
			isa = PBXNativeTarget;
			buildConfigurationList = 062A3A912B2449B6002DCD73 /* Build configuration list for PBXNativeTarget "JetAppTestTaskTests" */;
			buildPhases = (
				062A3A762B2449B6002DCD73 /* Sources */,
				062A3A772B2449B6002DCD73 /* Frameworks */,
				062A3A782B2449B6002DCD73 /* Resources */,
			);
			buildRules = (
			);
			dependencies = (
				062A3A7C2B2449B6002DCD73 /* PBXTargetDependency */,
			);
			name = JetAppTestTaskTests;
			productName = JetAppTestTaskTests;
			productReference = 062A3A7A2B2449B6002DCD73 /* JetAppTestTaskTests.xctest */;
			productType = "com.apple.product-type.bundle.unit-test";
		};
		062A3A832B2449B6002DCD73 /* JetAppTestTaskUITests */ = {
			isa = PBXNativeTarget;
			buildConfigurationList = 062A3A942B2449B6002DCD73 /* Build configuration list for PBXNativeTarget "JetAppTestTaskUITests" */;
			buildPhases = (
				062A3A802B2449B6002DCD73 /* Sources */,
				062A3A812B2449B6002DCD73 /* Frameworks */,
				062A3A822B2449B6002DCD73 /* Resources */,
			);
			buildRules = (
			);
			dependencies = (
				062A3A862B2449B6002DCD73 /* PBXTargetDependency */,
			);
			name = JetAppTestTaskUITests;
			productName = JetAppTestTaskUITests;
			productReference = 062A3A842B2449B6002DCD73 /* JetAppTestTaskUITests.xctest */;
			productType = "com.apple.product-type.bundle.ui-testing";
		};
/* End PBXNativeTarget section */

/* Begin PBXProject section */
		062A3A5C2B2449B5002DCD73 /* Project object */ = {
			isa = PBXProject;
			attributes = {
				BuildIndependentTargetsInParallel = 1;
				LastSwiftUpdateCheck = 1500;
				LastUpgradeCheck = 1500;
				TargetAttributes = {
					062A3A632B2449B5002DCD73 = {
						CreatedOnToolsVersion = 15.0.1;
					};
					062A3A792B2449B6002DCD73 = {
						CreatedOnToolsVersion = 15.0.1;
						TestTargetID = 062A3A632B2449B5002DCD73;
					};
					062A3A832B2449B6002DCD73 = {
						CreatedOnToolsVersion = 15.0.1;
						TestTargetID = 062A3A632B2449B5002DCD73;
					};
				};
			};
			buildConfigurationList = 062A3A5F2B2449B5002DCD73 /* Build configuration list for PBXProject "JetAppTestTask" */;
			compatibilityVersion = "Xcode 14.0";
			developmentRegion = en;
			hasScannedForEncodings = 0;
			knownRegions = (
				en,
				Base,
			);
			mainGroup = 062A3A5B2B2449B5002DCD73;
			productRefGroup = 062A3A652B2449B5002DCD73 /* Products */;
			projectDirPath = "";
			projectRoot = "";
			targets = (
				062A3A632B2449B5002DCD73 /* JetAppTestTask */,
				062A3A792B2449B6002DCD73 /* JetAppTestTaskTests */,
				062A3A832B2449B6002DCD73 /* JetAppTestTaskUITests */,
			);
		};
/* End PBXProject section */

/* Begin PBXResourcesBuildPhase section */
		062A3A622B2449B5002DCD73 /* Resources */ = {
			isa = PBXResourcesBuildPhase;
			buildActionMask = 2147483647;
			files = (
				062A3A742B2449B6002DCD73 /* LaunchScreen.storyboard in Resources */,
				062A3A712B2449B6002DCD73 /* Assets.xcassets in Resources */,
				062A3A6F2B2449B5002DCD73 /* Main.storyboard in Resources */,
			);
			runOnlyForDeploymentPostprocessing = 0;
		};
		062A3A782B2449B6002DCD73 /* Resources */ = {
			isa = PBXResourcesBuildPhase;
			buildActionMask = 2147483647;
			files = (
			);
			runOnlyForDeploymentPostprocessing = 0;
		};
		062A3A822B2449B6002DCD73 /* Resources */ = {
			isa = PBXResourcesBuildPhase;
			buildActionMask = 2147483647;
			files = (
			);
			runOnlyForDeploymentPostprocessing = 0;
		};
/* End PBXResourcesBuildPhase section */

/* Begin PBXSourcesBuildPhase section */
		062A3A602B2449B5002DCD73 /* Sources */ = {
			isa = PBXSourcesBuildPhase;
			buildActionMask = 2147483647;
			files = (
				062A3A6C2B2449B5002DCD73 /* ViewController.swift in Sources */,
				062A3A682B2449B5002DCD73 /* AppDelegate.swift in Sources */,
				062A3A6A2B2449B5002DCD73 /* SceneDelegate.swift in Sources */,
			);
			runOnlyForDeploymentPostprocessing = 0;
		};
		062A3A762B2449B6002DCD73 /* Sources */ = {
			isa = PBXSourcesBuildPhase;
			buildActionMask = 2147483647;
			files = (
				062A3A7F2B2449B6002DCD73 /* JetAppTestTaskTests.swift in Sources */,
			);
			runOnlyForDeploymentPostprocessing = 0;
		};
		062A3A802B2449B6002DCD73 /* Sources */ = {
			isa = PBXSourcesBuildPhase;
			buildActionMask = 2147483647;
			files = (
				062A3A892B2449B6002DCD73 /* JetAppTestTaskUITests.swift in Sources */,
				062A3A8B2B2449B6002DCD73 /* JetAppTestTaskUITestsLaunchTests.swift in Sources */,
			);
			runOnlyForDeploymentPostprocessing = 0;
		};
/* End PBXSourcesBuildPhase section */

/* Begin PBXTargetDependency section */
		062A3A7C2B2449B6002DCD73 /* PBXTargetDependency */ = {
			isa = PBXTargetDependency;
			target = 062A3A632B2449B5002DCD73 /* JetAppTestTask */;
			targetProxy = 062A3A7B2B2449B6002DCD73 /* PBXContainerItemProxy */;
		};
		062A3A862B2449B6002DCD73 /* PBXTargetDependency */ = {
			isa = PBXTargetDependency;
			target = 062A3A632B2449B5002DCD73 /* JetAppTestTask */;
			targetProxy = 062A3A852B2449B6002DCD73 /* PBXContainerItemProxy */;
		};
/* End PBXTargetDependency section */

/* Begin PBXVariantGroup section */
		062A3A6D2B2449B5002DCD73 /* Main.storyboard */ = {
			isa = PBXVariantGroup;
			children = (
				062A3A6E2B2449B5002DCD73 /* Base */,
			);
			name = Main.storyboard;
			sourceTree = "<group>";
		};
		062A3A722B2449B6002DCD73 /* LaunchScreen.storyboard */ = {
			isa = PBXVariantGroup;
			children = (
				062A3A732B2449B6002DCD73 /* Base */,
			);
			name = LaunchScreen.storyboard;
			sourceTree = "<group>";
		};
/* End PBXVariantGroup section */

/* Begin XCBuildConfiguration section */
		062A3A8C2B2449B6002DCD73 /* Debug */ = {
			isa = XCBuildConfiguration;
			buildSettings = {
				ALWAYS_SEARCH_USER_PATHS = NO;
				ASSETCATALOG_COMPILER_GENERATE_SWIFT_ASSET_SYMBOL_EXTENSIONS = YES;
				CLANG_ANALYZER_NONNULL = YES;
				CLANG_ANALYZER_NUMBER_OBJECT_CONVERSION = YES_AGGRESSIVE;
				CLANG_CXX_LANGUAGE_STANDARD = "gnu++20";
				CLANG_ENABLE_MODULES = YES;
				CLANG_ENABLE_OBJC_ARC = YES;
				CLANG_ENABLE_OBJC_WEAK = YES;
				CLANG_WARN_BLOCK_CAPTURE_AUTORELEASING = YES;
				CLANG_WARN_BOOL_CONVERSION = YES;
				CLANG_WARN_COMMA = YES;
				CLANG_WARN_CONSTANT_CONVERSION = YES;
				CLANG_WARN_DEPRECATED_OBJC_IMPLEMENTATIONS = YES;
				CLANG_WARN_DIRECT_OBJC_ISA_USAGE = YES_ERROR;
				CLANG_WARN_DOCUMENTATION_COMMENTS = YES;
				CLANG_WARN_EMPTY_BODY = YES;
				CLANG_WARN_ENUM_CONVERSION = YES;
				CLANG_WARN_INFINITE_RECURSION = YES;
				CLANG_WARN_INT_CONVERSION = YES;
				CLANG_WARN_NON_LITERAL_NULL_CONVERSION = YES;
				CLANG_WARN_OBJC_IMPLICIT_RETAIN_SELF = YES;
				CLANG_WARN_OBJC_LITERAL_CONVERSION = YES;
				CLANG_WARN_OBJC_ROOT_CLASS = YES_ERROR;
				CLANG_WARN_QUOTED_INCLUDE_IN_FRAMEWORK_HEADER = YES;
				CLANG_WARN_RANGE_LOOP_ANALYSIS = YES;
				CLANG_WARN_STRICT_PROTOTYPES = YES;
				CLANG_WARN_SUSPICIOUS_MOVE = YES;
				CLANG_WARN_UNGUARDED_AVAILABILITY = YES_AGGRESSIVE;
				CLANG_WARN_UNREACHABLE_CODE = YES;
				CLANG_WARN__DUPLICATE_METHOD_MATCH = YES;
				COPY_PHASE_STRIP = NO;
				DEBUG_INFORMATION_FORMAT = dwarf;
				ENABLE_STRICT_OBJC_MSGSEND = YES;
				ENABLE_TESTABILITY = YES;
				ENABLE_USER_SCRIPT_SANDBOXING = YES;
				GCC_C_LANGUAGE_STANDARD = gnu17;
				GCC_DYNAMIC_NO_PIC = NO;
				GCC_NO_COMMON_BLOCKS = YES;
				GCC_OPTIMIZATION_LEVEL = 0;
				GCC_PREPROCESSOR_DEFINITIONS = (
					"DEBUG=1",
					"$(inherited)",
				);
				GCC_WARN_64_TO_32_BIT_CONVERSION = YES;
				GCC_WARN_ABOUT_RETURN_TYPE = YES_ERROR;
				GCC_WARN_UNDECLARED_SELECTOR = YES;
				GCC_WARN_UNINITIALIZED_AUTOS = YES_AGGRESSIVE;
				GCC_WARN_UNUSED_FUNCTION = YES;
				GCC_WARN_UNUSED_VARIABLE = YES;
				IPHONEOS_DEPLOYMENT_TARGET = 17.0;
				LOCALIZATION_PREFERS_STRING_CATALOGS = YES;
				MTL_ENABLE_DEBUG_INFO = INCLUDE_SOURCE;
				MTL_FAST_MATH = YES;
				ONLY_ACTIVE_ARCH = YES;
				SDKROOT = iphoneos;
				SWIFT_ACTIVE_COMPILATION_CONDITIONS = "DEBUG $(inherited)";
				SWIFT_OPTIMIZATION_LEVEL = "-Onone";
			};
			name = Debug;
		};
		062A3A8D2B2449B6002DCD73 /* Release */ = {
			isa = XCBuildConfiguration;
			buildSettings = {
				ALWAYS_SEARCH_USER_PATHS = NO;
				ASSETCATALOG_COMPILER_GENERATE_SWIFT_ASSET_SYMBOL_EXTENSIONS = YES;
				CLANG_ANALYZER_NONNULL = YES;
				CLANG_ANALYZER_NUMBER_OBJECT_CONVERSION = YES_AGGRESSIVE;
				CLANG_CXX_LANGUAGE_STANDARD = "gnu++20";
				CLANG_ENABLE_MODULES = YES;
				CLANG_ENABLE_OBJC_ARC = YES;
				CLANG_ENABLE_OBJC_WEAK = YES;
				CLANG_WARN_BLOCK_CAPTURE_AUTORELEASING = YES;
				CLANG_WARN_BOOL_CONVERSION = YES;
				CLANG_WARN_COMMA = YES;
				CLANG_WARN_CONSTANT_CONVERSION = YES;
				CLANG_WARN_DEPRECATED_OBJC_IMPLEMENTATIONS = YES;
				CLANG_WARN_DIRECT_OBJC_ISA_USAGE = YES_ERROR;
				CLANG_WARN_DOCUMENTATION_COMMENTS = YES;
				CLANG_WARN_EMPTY_BODY = YES;
				CLANG_WARN_ENUM_CONVERSION = YES;
				CLANG_WARN_INFINITE_RECURSION = YES;
				CLANG_WARN_INT_CONVERSION = YES;
				CLANG_WARN_NON_LITERAL_NULL_CONVERSION = YES;
				CLANG_WARN_OBJC_IMPLICIT_RETAIN_SELF = YES;
				CLANG_WARN_OBJC_LITERAL_CONVERSION = YES;
				CLANG_WARN_OBJC_ROOT_CLASS = YES_ERROR;
				CLANG_WARN_QUOTED_INCLUDE_IN_FRAMEWORK_HEADER = YES;
				CLANG_WARN_RANGE_LOOP_ANALYSIS = YES;
				CLANG_WARN_STRICT_PROTOTYPES = YES;
				CLANG_WARN_SUSPICIOUS_MOVE = YES;
				CLANG_WARN_UNGUARDED_AVAILABILITY = YES_AGGRESSIVE;
				CLANG_WARN_UNREACHABLE_CODE = YES;
				CLANG_WARN__DUPLICATE_METHOD_MATCH = YES;
				COPY_PHASE_STRIP = NO;
				DEBUG_INFORMATION_FORMAT = "dwarf-with-dsym";
				ENABLE_NS_ASSERTIONS = NO;
				ENABLE_STRICT_OBJC_MSGSEND = YES;
				ENABLE_USER_SCRIPT_SANDBOXING = YES;
				GCC_C_LANGUAGE_STANDARD = gnu17;
				GCC_NO_COMMON_BLOCKS = YES;
				GCC_WARN_64_TO_32_BIT_CONVERSION = YES;
				GCC_WARN_ABOUT_RETURN_TYPE = YES_ERROR;
				GCC_WARN_UNDECLARED_SELECTOR = YES;
				GCC_WARN_UNINITIALIZED_AUTOS = YES_AGGRESSIVE;
				GCC_WARN_UNUSED_FUNCTION = YES;
				GCC_WARN_UNUSED_VARIABLE = YES;
				IPHONEOS_DEPLOYMENT_TARGET = 17.0;
				LOCALIZATION_PREFERS_STRING_CATALOGS = YES;
				MTL_ENABLE_DEBUG_INFO = NO;
				MTL_FAST_MATH = YES;
				SDKROOT = iphoneos;
				SWIFT_COMPILATION_MODE = wholemodule;
				VALIDATE_PRODUCT = YES;
			};
			name = Release;
		};
		062A3A8F2B2449B6002DCD73 /* Debug */ = {
			isa = XCBuildConfiguration;
			buildSettings = {
				ASSETCATALOG_COMPILER_APPICON_NAME = AppIcon;
				ASSETCATALOG_COMPILER_GLOBAL_ACCENT_COLOR_NAME = AccentColor;
				CODE_SIGN_STYLE = Automatic;
				CURRENT_PROJECT_VERSION = 1;
				DEVELOPMENT_TEAM = M3W7UGKVJ5;
				GENERATE_INFOPLIST_FILE = YES;
				INFOPLIST_FILE = JetAppTestTask/Info.plist;
				INFOPLIST_KEY_UIApplicationSupportsIndirectInputEvents = YES;
				INFOPLIST_KEY_UILaunchStoryboardName = LaunchScreen;
				INFOPLIST_KEY_UIMainStoryboardFile = Main;
				INFOPLIST_KEY_UISupportedInterfaceOrientations_iPad = "UIInterfaceOrientationPortrait UIInterfaceOrientationPortraitUpsideDown UIInterfaceOrientationLandscapeLeft UIInterfaceOrientationLandscapeRight";
				INFOPLIST_KEY_UISupportedInterfaceOrientations_iPhone = "UIInterfaceOrientationPortrait UIInterfaceOrientationLandscapeLeft UIInterfaceOrientationLandscapeRight";
				LD_RUNPATH_SEARCH_PATHS = (
					"$(inherited)",
					"@executable_path/Frameworks",
				);
				MARKETING_VERSION = 1.0;
				PRODUCT_BUNDLE_IDENTIFIER = com.yantsybaiev.dmytro.JetAppTestTask;
				PRODUCT_NAME = "$(TARGET_NAME)";
				SWIFT_EMIT_LOC_STRINGS = YES;
				SWIFT_VERSION = 5.0;
				TARGETED_DEVICE_FAMILY = "1,2";
			};
			name = Debug;
		};
		062A3A902B2449B6002DCD73 /* Release */ = {
			isa = XCBuildConfiguration;
			buildSettings = {
				ASSETCATALOG_COMPILER_APPICON_NAME = AppIcon;
				ASSETCATALOG_COMPILER_GLOBAL_ACCENT_COLOR_NAME = AccentColor;
				CODE_SIGN_STYLE = Automatic;
				CURRENT_PROJECT_VERSION = 1;
				DEVELOPMENT_TEAM = M3W7UGKVJ5;
				GENERATE_INFOPLIST_FILE = YES;
				INFOPLIST_FILE = JetAppTestTask/Info.plist;
				INFOPLIST_KEY_UIApplicationSupportsIndirectInputEvents = YES;
				INFOPLIST_KEY_UILaunchStoryboardName = LaunchScreen;
				INFOPLIST_KEY_UIMainStoryboardFile = Main;
				INFOPLIST_KEY_UISupportedInterfaceOrientations_iPad = "UIInterfaceOrientationPortrait UIInterfaceOrientationPortraitUpsideDown UIInterfaceOrientationLandscapeLeft UIInterfaceOrientationLandscapeRight";
				INFOPLIST_KEY_UISupportedInterfaceOrientations_iPhone = "UIInterfaceOrientationPortrait UIInterfaceOrientationLandscapeLeft UIInterfaceOrientationLandscapeRight";
				LD_RUNPATH_SEARCH_PATHS = (
					"$(inherited)",
					"@executable_path/Frameworks",
				);
				MARKETING_VERSION = 1.0;
				PRODUCT_BUNDLE_IDENTIFIER = com.yantsybaiev.dmytro.JetAppTestTask;
				PRODUCT_NAME = "$(TARGET_NAME)";
				SWIFT_EMIT_LOC_STRINGS = YES;
				SWIFT_VERSION = 5.0;
				TARGETED_DEVICE_FAMILY = "1,2";
			};
			name = Release;
		};
		062A3A922B2449B6002DCD73 /* Debug */ = {
			isa = XCBuildConfiguration;
			buildSettings = {
				ALWAYS_EMBED_SWIFT_STANDARD_LIBRARIES = YES;
				BUNDLE_LOADER = "$(TEST_HOST)";
				CODE_SIGN_STYLE = Automatic;
				CURRENT_PROJECT_VERSION = 1;
				DEVELOPMENT_TEAM = M3W7UGKVJ5;
				GENERATE_INFOPLIST_FILE = YES;
				IPHONEOS_DEPLOYMENT_TARGET = 17.0;
				MARKETING_VERSION = 1.0;
				PRODUCT_BUNDLE_IDENTIFIER = com.yantsybaiev.dmytro.JetAppTestTaskTests;
				PRODUCT_NAME = "$(TARGET_NAME)";
				SWIFT_EMIT_LOC_STRINGS = NO;
				SWIFT_VERSION = 5.0;
				TARGETED_DEVICE_FAMILY = "1,2";
				TEST_HOST = "$(BUILT_PRODUCTS_DIR)/JetAppTestTask.app/$(BUNDLE_EXECUTABLE_FOLDER_PATH)/JetAppTestTask";
			};
			name = Debug;
		};
		062A3A932B2449B6002DCD73 /* Release */ = {
			isa = XCBuildConfiguration;
			buildSettings = {
				ALWAYS_EMBED_SWIFT_STANDARD_LIBRARIES = YES;
				BUNDLE_LOADER = "$(TEST_HOST)";
				CODE_SIGN_STYLE = Automatic;
				CURRENT_PROJECT_VERSION = 1;
				DEVELOPMENT_TEAM = M3W7UGKVJ5;
				GENERATE_INFOPLIST_FILE = YES;
				IPHONEOS_DEPLOYMENT_TARGET = 17.0;
				MARKETING_VERSION = 1.0;
				PRODUCT_BUNDLE_IDENTIFIER = com.yantsybaiev.dmytro.JetAppTestTaskTests;
				PRODUCT_NAME = "$(TARGET_NAME)";
				SWIFT_EMIT_LOC_STRINGS = NO;
				SWIFT_VERSION = 5.0;
				TARGETED_DEVICE_FAMILY = "1,2";
				TEST_HOST = "$(BUILT_PRODUCTS_DIR)/JetAppTestTask.app/$(BUNDLE_EXECUTABLE_FOLDER_PATH)/JetAppTestTask";
			};
			name = Release;
		};
		062A3A952B2449B6002DCD73 /* Debug */ = {
			isa = XCBuildConfiguration;
			buildSettings = {
				ALWAYS_EMBED_SWIFT_STANDARD_LIBRARIES = YES;
				CODE_SIGN_STYLE = Automatic;
				CURRENT_PROJECT_VERSION = 1;
				DEVELOPMENT_TEAM = M3W7UGKVJ5;
				GENERATE_INFOPLIST_FILE = YES;
				MARKETING_VERSION = 1.0;
				PRODUCT_BUNDLE_IDENTIFIER = com.yantsybaiev.dmytro.JetAppTestTaskUITests;
				PRODUCT_NAME = "$(TARGET_NAME)";
				SWIFT_EMIT_LOC_STRINGS = NO;
				SWIFT_VERSION = 5.0;
				TARGETED_DEVICE_FAMILY = "1,2";
				TEST_TARGET_NAME = JetAppTestTask;
			};
			name = Debug;
		};
		062A3A962B2449B6002DCD73 /* Release */ = {
			isa = XCBuildConfiguration;
			buildSettings = {
				ALWAYS_EMBED_SWIFT_STANDARD_LIBRARIES = YES;
				CODE_SIGN_STYLE = Automatic;
				CURRENT_PROJECT_VERSION = 1;
				DEVELOPMENT_TEAM = M3W7UGKVJ5;
				GENERATE_INFOPLIST_FILE = YES;
				MARKETING_VERSION = 1.0;
				PRODUCT_BUNDLE_IDENTIFIER = com.yantsybaiev.dmytro.JetAppTestTaskUITests;
				PRODUCT_NAME = "$(TARGET_NAME)";
				SWIFT_EMIT_LOC_STRINGS = NO;
				SWIFT_VERSION = 5.0;
				TARGETED_DEVICE_FAMILY = "1,2";
				TEST_TARGET_NAME = JetAppTestTask;
			};
			name = Release;
		};
/* End XCBuildConfiguration section */

/* Begin XCConfigurationList section */
		062A3A5F2B2449B5002DCD73 /* Build configuration list for PBXProject "JetAppTestTask" */ = {
			isa = XCConfigurationList;
			buildConfigurations = (
				062A3A8C2B2449B6002DCD73 /* Debug */,
				062A3A8D2B2449B6002DCD73 /* Release */,
			);
			defaultConfigurationIsVisible = 0;
			defaultConfigurationName = Release;
		};
		062A3A8E2B2449B6002DCD73 /* Build configuration list for PBXNativeTarget "JetAppTestTask" */ = {
			isa = XCConfigurationList;
			buildConfigurations = (
				062A3A8F2B2449B6002DCD73 /* Debug */,
				062A3A902B2449B6002DCD73 /* Release */,
			);
			defaultConfigurationIsVisible = 0;
			defaultConfigurationName = Release;
		};
		062A3A912B2449B6002DCD73 /* Build configuration list for PBXNativeTarget "JetAppTestTaskTests" */ = {
			isa = XCConfigurationList;
			buildConfigurations = (
				062A3A922B2449B6002DCD73 /* Debug */,
				062A3A932B2449B6002DCD73 /* Release */,
			);
			defaultConfigurationIsVisible = 0;
			defaultConfigurationName = Release;
		};
		062A3A942B2449B6002DCD73 /* Build configuration list for PBXNativeTarget "JetAppTestTaskUITests" */ = {
			isa = XCConfigurationList;
			buildConfigurations = (
				062A3A952B2449B6002DCD73 /* Debug */,
				062A3A962B2449B6002DCD73 /* Release */,
			);
			defaultConfigurationIsVisible = 0;
			defaultConfigurationName = Release;
		};
/* End XCConfigurationList section */
	};
	rootObject = 062A3A5C2B2449B5002DCD73 /* Project object */;
}
